{
  "version": 4,
  "terraform_version": "0.12.24",
  "serial": 34,
  "lineage": "73c9ec68-d6d8-160a-303c-261c8861ba0c",
  "outputs": {},
  "resources": [
    {
      "module": "module.ucm_stack",
      "mode": "managed",
      "type": "aws_dynamodb_table",
      "name": "document_repository",
      "provider": "provider.aws",
      "instances": [
        {
          "schema_version": 1,
          "attributes": {
            "arn": "arn:aws:dynamodb:eu-west-1:181929501415:table/ucm-dev-document-repository",
            "attribute": [
              {
                "name": "id",
                "type": "S"
              },
              {
                "name": "revision",
                "type": "N"
              }
            ],
            "billing_mode": "PROVISIONED",
            "global_secondary_index": [],
            "hash_key": "id",
            "id": "ucm-dev-document-repository",
            "local_secondary_index": [],
            "name": "ucm-dev-document-repository",
            "point_in_time_recovery": [
              {
                "enabled": false
              }
            ],
            "range_key": "revision",
            "read_capacity": 20,
            "replica": [],
            "server_side_encryption": [],
            "stream_arn": "",
            "stream_enabled": false,
            "stream_label": "",
            "stream_view_type": "",
            "tags": {
              "AwsId": "testZou",
              "Environment": "dev"
            },
            "timeouts": null,
            "ttl": [
              {
                "attribute_name": "",
                "enabled": false
              }
            ],
            "write_capacity": 20
          },
          "private": "eyJlMmJmYjczMC1lY2FhLTExZTYtOGY4OC0zNDM2M2JjN2M0YzAiOnsiY3JlYXRlIjo2MDAwMDAwMDAwMDAsImRlbGV0ZSI6NjAwMDAwMDAwMDAwLCJ1cGRhdGUiOjM2MDAwMDAwMDAwMDB9LCJzY2hlbWFfdmVyc2lvbiI6IjEifQ=="
        }
      ]
    },
    {
      "module": "module.ucm_stack",
      "mode": "managed",
      "type": "aws_iam_policy",
      "name": "dynamo",
      "provider": "provider.aws",
      "instances": [
        {
          "schema_version": 0,
          "attributes": {
            "arn": "arn:aws:iam::181929501415:policy/ucm-dev-policy-dynamo",
            "description": "IAM policy for dynamoDB usage",
            "id": "arn:aws:iam::181929501415:policy/ucm-dev-policy-dynamo",
            "name": "ucm-dev-policy-dynamo",
            "name_prefix": null,
            "path": "/",
            "policy": "{\r\n    \"Version\": \"2012-10-17\",\r\n    \"Statement\": [\r\n        {\r\n            \"Action\": [\r\n                \"dynamodb:*\"\r\n            ],\r\n            \"Resource\": [\r\n                \"arn:aws:dynamodb:*:181929501415:table/*\"\r\n            ],\r\n            \"Effect\": \"Allow\"\r\n        }\r\n    ]\r\n}\r\n"
          },
          "private": "bnVsbA=="
        }
      ]
    },
    {
      "module": "module.ucm_stack",
      "mode": "managed",
      "type": "aws_iam_role",
      "name": "lambda",
      "provider": "provider.aws",
      "instances": [
        {
          "schema_version": 0,
          "attributes": {
            "arn": "arn:aws:iam::181929501415:role/ucm-dev-role-lambda",
            "assume_role_policy": "{\"Version\":\"2012-10-17\",\"Statement\":[{\"Sid\":\"\",\"Effect\":\"Allow\",\"Principal\":{\"Service\":\"lambda.amazonaws.com\"},\"Action\":\"sts:AssumeRole\"}]}",
            "create_date": "2020-10-29T19:02:03Z",
            "description": "",
            "force_detach_policies": false,
            "id": "ucm-dev-role-lambda",
            "max_session_duration": 3600,
            "name": "ucm-dev-role-lambda",
            "name_prefix": null,
            "path": "/",
            "permissions_boundary": null,
            "tags": {
              "AwsId": "testZou",
              "Environment": "dev"
            },
            "unique_id": "AROASUW6X4LT36XJ7Z4HZ"
          },
          "private": "bnVsbA=="
        }
      ]
    },
    {
      "module": "module.ucm_stack",
      "mode": "managed",
      "type": "aws_iam_role_policy_attachment",
      "name": "lambda_dynamo",
      "provider": "provider.aws",
      "instances": [
        {
          "schema_version": 0,
          "attributes": {
            "id": "ucm-dev-role-lambda-20201029190205787500000001",
            "policy_arn": "arn:aws:iam::181929501415:policy/ucm-dev-policy-dynamo",
            "role": "ucm-dev-role-lambda"
          },
          "private": "bnVsbA==",
          "dependencies": [
            "module.ucm_stack.aws_iam_policy.dynamo",
            "module.ucm_stack.aws_iam_role.lambda"
          ]
        }
      ]
    },
    {
      "module": "module.ucm_stack",
      "mode": "managed",
      "type": "aws_lambda_function",
      "name": "archiver",
      "provider": "provider.aws",
      "instances": [
        {
          "schema_version": 0,
          "attributes": {
            "arn": "arn:aws:lambda:eu-west-1:181929501415:function:ucm-dev-archiver",
            "dead_letter_config": [],
            "description": "",
            "environment": [
              {
                "variables": {
                  "foo": "bar"
                }
              }
            ],
            "filename": "../../dist/push-api-lambdas.zip",
            "function_name": "ucm-dev-archiver",
            "handler": "enricher-lambda/mainEnricher.handler",
            "id": "ucm-dev-archiver",
            "invoke_arn": "arn:aws:apigateway:eu-west-1:lambda:path/2015-03-31/functions/arn:aws:lambda:eu-west-1:181929501415:function:ucm-dev-archiver/invocations",
            "kms_key_arn": "",
            "last_modified": "2020-10-29T19:02:13.731+0000",
            "layers": [
              "arn:aws:lambda:eu-west-1:181929501415:layer:ucm-dev-lambda_layer_name:3"
            ],
            "memory_size": 128,
            "publish": false,
            "qualified_arn": "arn:aws:lambda:eu-west-1:181929501415:function:ucm-dev-archiver:$LATEST",
            "reserved_concurrent_executions": -1,
            "role": "arn:aws:iam::181929501415:role/ucm-dev-role-lambda",
            "runtime": "nodejs12.x",
            "s3_bucket": null,
            "s3_key": null,
            "s3_object_version": null,
            "source_code_hash": "Vu4M5QrCz1pJOwuuk5wUkw0w1o/DVWhn/EojymOTl4U=",
            "source_code_size": 322665,
            "tags": {
              "AwsId": "testZou",
              "Environment": "dev"
            },
            "timeout": 3,
            "timeouts": null,
            "tracing_config": [
              {
                "mode": "PassThrough"
              }
            ],
            "version": "$LATEST",
            "vpc_config": []
          },
          "private": "eyJlMmJmYjczMC1lY2FhLTExZTYtOGY4OC0zNDM2M2JjN2M0YzAiOnsiY3JlYXRlIjo2MDAwMDAwMDAwMDB9fQ==",
          "dependencies": [
            "module.ucm_stack.aws_iam_role.lambda",
            "module.ucm_stack.aws_lambda_layer_version.UCM_lambda_layer"
          ]
        }
      ]
    },
    {
      "module": "module.ucm_stack",
      "mode": "managed",
      "type": "aws_lambda_layer_version",
      "name": "UCM_lambda_layer",
      "provider": "provider.aws",
      "instances": [
        {
          "schema_version": 0,
          "attributes": {
            "arn": "arn:aws:lambda:eu-west-1:181929501415:layer:ucm-dev-lambda_layer_name:3",
            "compatible_runtimes": [
              "nodejs12.x",
              "nodejs8.10"
            ],
            "created_date": "2020-10-29T19:02:08.120+0000",
            "description": "",
            "filename": null,
            "id": "arn:aws:lambda:eu-west-1:181929501415:layer:ucm-dev-lambda_layer_name:3",
            "layer_arn": "arn:aws:lambda:eu-west-1:181929501415:layer:ucm-dev-lambda_layer_name",
            "layer_name": "ucm-dev-lambda_layer_name",
            "license_info": "",
            "s3_bucket": "papi-int-artifact-utils",
            "s3_key": "layer-lambda.zip",
            "s3_object_version": null,
            "source_code_hash": "lvrIYOU9RIeX9ilUD2LwdMC9qXdkHq0AzfLnX8wmB78=",
            "source_code_size": 16104758,
            "version": "3"
          },
          "private": "bnVsbA=="
        }
      ]
    }
  ]
}
